
Microsoft Visual Studio Solution File, Format Version 12.00
# Visual Studio Version 17
VisualStudioVersion = 17.11.35219.272
MinimumVisualStudioVersion = 10.0.40219.1
Project("{9A19103F-16F7-4668-BE54-9A1E7A4F7556}") = "ModelsGenerator.Cli", "ModelsGenerator.Cli\ModelsGenerator.Cli.csproj", "{89C7C127-53FC-4019-AE54-A7ED1659B4A8}"
EndProject
Global
	GlobalSection(SolutionConfigurationPlatforms) = preSolution
		Debug|Any CPU = Debug|Any CPU
		Release|Any CPU = Release|Any CPU
	EndGlobalSection
	GlobalSection(ProjectConfigurationPlatforms) = postSolution
		{89C7C127-53FC-4019-AE54-A7ED1659B4A8}.Debug|Any CPU.ActiveCfg = Debug|Any CPU
		{89C7C127-53FC-4019-AE54-A7ED1659B4A8}.Debug|Any CPU.Build.0 = Debug|Any CPU
		{89C7C127-53FC-4019-AE54-A7ED1659B4A8}.Release|Any CPU.ActiveCfg = Release|Any CPU
		{89C7C127-53FC-4019-AE54-A7ED1659B4A8}.Release|Any CPU.Build.0 = Release|Any CPU
	EndGlobalSection
	GlobalSection(SolutionProperties) = preSolution
		HideSolutionNode = FALSE
	EndGlobalSection
	GlobalSection(ExtensibilityGlobals) = postSolution
		SolutionGuid = {86A126FC-7D06-4228-A275-7FDC99B83758}
	EndGlobalSection
EndGlobal
